# This file was autogenerated by Stack.
# You should not edit this file by hand.
# For more information, please see the documentation at:
#   https://docs.haskellstack.org/en/stable/topics/lock_files

packages:
- completed:
    commit: aa8fa2421cb4df7249a2d633ad076c494b325fbc
    git: https://github.com/chayleaf/shiro-chessapi-hs.git
    name: chessapi
    pantry-tree:
      sha256: 828262d7852eda5117c52ba26882852da7e122024061788526ba87d92abb074c
      size: 2924
    version: 0.1.0.0
  original:
    commit: aa8fa2421cb4df7249a2d633ad076c494b325fbc
    git: https://github.com/chayleaf/shiro-chessapi-hs.git
snapshots: []
